
Microsoft Visual Studio Solution File, Format Version 12.00
# Visual Studio Version 17
VisualStudioVersion = 17.7.34024.191
MinimumVisualStudioVersion = 10.0.40219.1
Project("{FAE04EC0-301F-11D3-BF4B-00C04F79EFBC}") = "LR3.1", "LR3\LR3.1.csproj", "{F8B662FA-8BA5-421F-BBBA-05C8BCD115E2}"
EndProject
Project("{FAE04EC0-301F-11D3-BF4B-00C04F79EFBC}") = "LR3.2", "LR3.2\LR3.2.csproj", "{8BC11D4E-9A7C-47C3-B2DD-1FA978CD87CF}"
EndProject
Project("{FAE04EC0-301F-11D3-BF4B-00C04F79EFBC}") = "LR3.4", "LR3.4\LR3.4.csproj", "{8C5434F4-48FE-46B2-B745-837FB04E59D6}"
EndProject
Project("{FAE04EC0-301F-11D3-BF4B-00C04F79EFBC}") = "LR3.5", "LR3.5\LR3.5.csproj", "{AEA9248F-A319-4C0F-A386-F94E90C00CA3}"
EndProject
Project("{FAE04EC0-301F-11D3-BF4B-00C04F79EFBC}") = "LR3.6", "LR3.6\LR3.6.csproj", "{19AAD450-77F2-481C-8E7C-66669F70E447}"
EndProject
Global
	GlobalSection(SolutionConfigurationPlatforms) = preSolution
		Debug|Any CPU = Debug|Any CPU
		Release|Any CPU = Release|Any CPU
	EndGlobalSection
	GlobalSection(ProjectConfigurationPlatforms) = postSolution
		{F8B662FA-8BA5-421F-BBBA-05C8BCD115E2}.Debug|Any CPU.ActiveCfg = Debug|Any CPU
		{F8B662FA-8BA5-421F-BBBA-05C8BCD115E2}.Debug|Any CPU.Build.0 = Debug|Any CPU
		{F8B662FA-8BA5-421F-BBBA-05C8BCD115E2}.Release|Any CPU.ActiveCfg = Release|Any CPU
		{F8B662FA-8BA5-421F-BBBA-05C8BCD115E2}.Release|Any CPU.Build.0 = Release|Any CPU
		{8BC11D4E-9A7C-47C3-B2DD-1FA978CD87CF}.Debug|Any CPU.ActiveCfg = Debug|Any CPU
		{8BC11D4E-9A7C-47C3-B2DD-1FA978CD87CF}.Debug|Any CPU.Build.0 = Debug|Any CPU
		{8BC11D4E-9A7C-47C3-B2DD-1FA978CD87CF}.Release|Any CPU.ActiveCfg = Release|Any CPU
		{8BC11D4E-9A7C-47C3-B2DD-1FA978CD87CF}.Release|Any CPU.Build.0 = Release|Any CPU
		{8C5434F4-48FE-46B2-B745-837FB04E59D6}.Debug|Any CPU.ActiveCfg = Debug|Any CPU
		{8C5434F4-48FE-46B2-B745-837FB04E59D6}.Debug|Any CPU.Build.0 = Debug|Any CPU
		{8C5434F4-48FE-46B2-B745-837FB04E59D6}.Release|Any CPU.ActiveCfg = Release|Any CPU
		{8C5434F4-48FE-46B2-B745-837FB04E59D6}.Release|Any CPU.Build.0 = Release|Any CPU
		{AEA9248F-A319-4C0F-A386-F94E90C00CA3}.Debug|Any CPU.ActiveCfg = Debug|Any CPU
		{AEA9248F-A319-4C0F-A386-F94E90C00CA3}.Debug|Any CPU.Build.0 = Debug|Any CPU
		{AEA9248F-A319-4C0F-A386-F94E90C00CA3}.Release|Any CPU.ActiveCfg = Release|Any CPU
		{AEA9248F-A319-4C0F-A386-F94E90C00CA3}.Release|Any CPU.Build.0 = Release|Any CPU
		{19AAD450-77F2-481C-8E7C-66669F70E447}.Debug|Any CPU.ActiveCfg = Debug|Any CPU
		{19AAD450-77F2-481C-8E7C-66669F70E447}.Debug|Any CPU.Build.0 = Debug|Any CPU
		{19AAD450-77F2-481C-8E7C-66669F70E447}.Release|Any CPU.ActiveCfg = Release|Any CPU
		{19AAD450-77F2-481C-8E7C-66669F70E447}.Release|Any CPU.Build.0 = Release|Any CPU
	EndGlobalSection
	GlobalSection(SolutionProperties) = preSolution
		HideSolutionNode = FALSE
	EndGlobalSection
	GlobalSection(ExtensibilityGlobals) = postSolution
		SolutionGuid = {A69B55AA-4335-4470-A732-290BBB644E8D}
	EndGlobalSection
EndGlobal
